
Microsoft Visual Studio Solution File, Format Version 12.00
# Visual Studio Version 17
VisualStudioVersion = 17.6.33723.286
MinimumVisualStudioVersion = 10.0.40219.1
Project("{FAE04EC0-301F-11D3-BF4B-00C04F79EFBC}") = "DesvioCondicional", "DesvioCondicional\DesvioCondicional.csproj", "{77A5D974-8F6F-4AFE-AE92-08AA85A6B9BD}"
EndProject
Global
	GlobalSection(SolutionConfigurationPlatforms) = preSolution
		Debug|Any CPU = Debug|Any CPU
		Release|Any CPU = Release|Any CPU
	EndGlobalSection
	GlobalSection(ProjectConfigurationPlatforms) = postSolution
		{77A5D974-8F6F-4AFE-AE92-08AA85A6B9BD}.Debug|Any CPU.ActiveCfg = Debug|Any CPU
		{77A5D974-8F6F-4AFE-AE92-08AA85A6B9BD}.Debug|Any CPU.Build.0 = Debug|Any CPU
		{77A5D974-8F6F-4AFE-AE92-08AA85A6B9BD}.Release|Any CPU.ActiveCfg = Release|Any CPU
		{77A5D974-8F6F-4AFE-AE92-08AA85A6B9BD}.Release|Any CPU.Build.0 = Release|Any CPU
	EndGlobalSection
	GlobalSection(SolutionProperties) = preSolution
		HideSolutionNode = FALSE
	EndGlobalSection
	GlobalSection(ExtensibilityGlobals) = postSolution
		SolutionGuid = {E15CF553-BE66-48F0-B53C-BA498E00C019}
	EndGlobalSection
EndGlobal
